
Microsoft Visual Studio Solution File, Format Version 12.00
# Visual Studio 2012
Project("{FAE04EC0-301F-11D3-BF4B-00C04F79EFBC}") = "MonoDevelop.VersionControl.Bazaar", "MonoDevelop.VersionControl.Bazaar\MonoDevelop.VersionControl.Bazaar.csproj", "{00AA5C9E-2557-4381-A8DD-27D77D5C3023}"
EndProject
Global
	GlobalSection(SolutionConfigurationPlatforms) = preSolution
		Debug|Any CPU = Debug|Any CPU
		Release|Any CPU = Release|Any CPU
	EndGlobalSection
	GlobalSection(ProjectConfigurationPlatforms) = postSolution
		{00AA5C9E-2557-4381-A8DD-27D77D5C3023}.Debug|Any CPU.ActiveCfg = Debug|Any CPU
		{00AA5C9E-2557-4381-A8DD-27D77D5C3023}.Debug|Any CPU.Build.0 = Debug|Any CPU
		{00AA5C9E-2557-4381-A8DD-27D77D5C3023}.Release|Any CPU.ActiveCfg = Release|Any CPU
		{00AA5C9E-2557-4381-A8DD-27D77D5C3023}.Release|Any CPU.Build.0 = Release|Any CPU
	EndGlobalSection
EndGlobal
